
Microsoft Visual Studio Solution File, Format Version 12.00
# Visual Studio Express 2012 for Windows Desktop
Project("{8BC9CEB8-8B4A-11D0-8D11-00A0C91BC942}") = "Easy2D", "GameEngineOOP.vcxproj", "{905FC096-4AD6-4483-B71A-BA5FCEFFE134}"
EndProject
Global
	GlobalSection(SolutionConfigurationPlatforms) = preSolution
		Debug|Win32 = Debug|Win32
		Release|Win32 = Release|Win32
	EndGlobalSection
	GlobalSection(ProjectConfigurationPlatforms) = postSolution
		{905FC096-4AD6-4483-B71A-BA5FCEFFE134}.Debug|Win32.ActiveCfg = Debug|Win32
		{905FC096-4AD6-4483-B71A-BA5FCEFFE134}.Debug|Win32.Build.0 = Debug|Win32
		{905FC096-4AD6-4483-B71A-BA5FCEFFE134}.Release|Win32.ActiveCfg = Release|Win32
		{905FC096-4AD6-4483-B71A-BA5FCEFFE134}.Release|Win32.Build.0 = Release|Win32
	EndGlobalSection
	GlobalSection(SolutionProperties) = preSolution
		HideSolutionNode = FALSE
	EndGlobalSection
EndGlobal
