<?xml version="1.0" encoding="utf-8"?>
<Project ToolsVersion="4.0" xmlns="http://schemas.microsoft.com/developer/msbuild/2003">
  <ItemGroup>
    <Filter Include="File di origine">
      <UniqueIdentifier>{4FC737F1-C7A5-4376-A066-2A32D752A2FF}</UniqueIdentifier>
      <Extensions>cpp;c;cc;cxx;def;odl;idl;hpj;bat;asm;asmx</Extensions>
    </Filter>
    <Filter Include="File di intestazione">
      <UniqueIdentifier>{93995380-89BD-4b04-88EB-625FBE52EBFB}</UniqueIdentifier>
      <Extensions>h;hpp;hxx;hm;inl;inc;xsd</Extensions>
    </Filter>
    <Filter Include="File di risorse">
      <UniqueIdentifier>{67DA6AB6-F800-4c08-8B7A-83BB121AAD01}</UniqueIdentifier>
      <Extensions>rc;ico;cur;bmp;dlg;rc2;rct;bin;rgs;gif;jpg;jpeg;jpe;resx;tiff;tif;png;wav;mfcribbon-ms</Extensions>
    </Filter>
    <Filter Include="libs">
      <UniqueIdentifier>{91bac75b-4fb9-4236-9765-8fa9be7f9294}</UniqueIdentifier>
    </Filter>
    <Filter Include="File di intestazione\window">
      <UniqueIdentifier>{1c75f387-6bfa-41aa-80ee-18abff1c1c62}</UniqueIdentifier>
    </Filter>
    <Filter Include="File di origine\window">
      <UniqueIdentifier>{7f5f375d-f3a1-4426-a811-740bf68355e9}</UniqueIdentifier>
    </Filter>
    <Filter Include="File di origine\Image">
      <UniqueIdentifier>{44874d2d-3431-452f-9cc7-2a31f4259a4d}</UniqueIdentifier>
    </Filter>
    <Filter Include="File di intestazione\thread">
      <UniqueIdentifier>{1f950abe-6b46-4c69-bd16-8c11a23779c4}</UniqueIdentifier>
    </Filter>
    <Filter Include="File di origine\thread">
      <UniqueIdentifier>{1694235b-5bd7-45d0-8d7a-55032b20b72c}</UniqueIdentifier>
    </Filter>
    <Filter Include="File di intestazione\audio">
      <UniqueIdentifier>{bf7ede05-ce2e-4f37-8316-9278ae26832a}</UniqueIdentifier>
    </Filter>
    <Filter Include="File di origine\audio">
      <UniqueIdentifier>{e34de5f7-82cc-45b2-8f36-1500b2a8644a}</UniqueIdentifier>
    </Filter>
    <Filter Include="File di intestazione\gui">
      <UniqueIdentifier>{39500ab8-bd82-4ae5-a62d-980c34f0a19a}</UniqueIdentifier>
    </Filter>
    <Filter Include="File di origine\gui">
      <UniqueIdentifier>{86066041-35bc-4a78-b783-d8fae4d3893b}</UniqueIdentifier>
    </Filter>
  </ItemGroup>
  <ItemGroup>
    <ClCompile Include="src\Config.cpp">
      <Filter>File di origine</Filter>
    </ClCompile>
    <ClCompile Include="src\Object.cpp">
      <Filter>File di origine</Filter>
    </ClCompile>
    <ClCompile Include="src\Table.cpp">
      <Filter>File di origine</Filter>
    </ClCompile>
    <ClCompile Include="src\EString.cpp">
      <Filter>File di origine</Filter>
    </ClCompile>
    <ClCompile Include="src\Resource.cpp">
      <Filter>File di origine</Filter>
    </ClCompile>
    <ClCompile Include="src\Application.cpp">
      <Filter>File di origine</Filter>
    </ClCompile>
    <ClCompile Include="src\Game.cpp">
      <Filter>File di origine</Filter>
    </ClCompile>
    <ClCompile Include="src\Debug.cpp">
      <Filter>File di origine</Filter>
    </ClCompile>
    <ClCompile Include="src\Screen.cpp">
      <Filter>File di origine</Filter>
    </ClCompile>
    <ClCompile Include="src\window\WindowsScreen.cpp">
      <Filter>File di origine\window</Filter>
    </ClCompile>
    <ClCompile Include="src\window\WindowsApp.cpp">
      <Filter>File di origine\window</Filter>
    </ClCompile>
    <ClCompile Include="src\Input.cpp">
      <Filter>File di origine</Filter>
    </ClCompile>
    <ClCompile Include="src\window\WindowsInput.cpp">
      <Filter>File di origine\window</Filter>
    </ClCompile>
    <ClCompile Include="src\Renderable.cpp">
      <Filter>File di origine</Filter>
    </ClCompile>
    <ClCompile Include="src\RenderState.cpp">
      <Filter>File di origine</Filter>
    </ClCompile>
    <ClCompile Include="src\window\stdafx.cpp">
      <Filter>File di origine\window</Filter>
    </ClCompile>
    <ClCompile Include="src\Mesh.cpp">
      <Filter>File di origine</Filter>
    </ClCompile>
    <ClCompile Include="src\Texture.cpp">
      <Filter>File di origine</Filter>
    </ClCompile>
    <ClCompile Include="src\Utility.cpp">
      <Filter>File di origine</Filter>
    </ClCompile>
    <ClCompile Include="src\Render.cpp">
      <Filter>File di origine</Filter>
    </ClCompile>
    <ClCompile Include="src\Camera.cpp">
      <Filter>File di origine</Filter>
    </ClCompile>
    <ClCompile Include="src\Layer.cpp">
      <Filter>File di origine</Filter>
    </ClCompile>
    <ClCompile Include="src\window\OpenGLWindow.cpp">
      <Filter>File di origine\window</Filter>
    </ClCompile>
    <ClCompile Include="src\Image\lodepng.cpp">
      <Filter>File di origine\Image</Filter>
    </ClCompile>
    <ClCompile Include="src\Timer.cpp">
      <Filter>File di origine</Filter>
    </ClCompile>
    <ClCompile Include="src\ETime.cpp">
      <Filter>File di origine</Filter>
    </ClCompile>
    <ClCompile Include="src\ResourcesGroup.cpp">
      <Filter>File di origine</Filter>
    </ClCompile>
    <ClCompile Include="src\Sprite.cpp">
      <Filter>File di origine</Filter>
    </ClCompile>
    <ClCompile Include="src\FrameSet.cpp">
      <Filter>File di origine</Filter>
    </ClCompile>
    <ClCompile Include="src\Color.cpp">
      <Filter>File di origine</Filter>
    </ClCompile>
    <ClCompile Include="src\ResourcesManager.cpp">
      <Filter>File di origine</Filter>
    </ClCompile>
    <ClCompile Include="src\AnimatedSprite.cpp">
      <Filter>File di origine</Filter>
    </ClCompile>
    <ClCompile Include="src\window\WGL_ARB_multisample.cpp">
      <Filter>File di origine\window</Filter>
    </ClCompile>
    <ClCompile Include="src\Font.cpp">
      <Filter>File di origine</Filter>
    </ClCompile>
    <ClCompile Include="src\BMFontLoader.cpp">
      <Filter>File di origine</Filter>
    </ClCompile>
    <ClCompile Include="src\FreeTypeFontLoader.cpp">
      <Filter>File di origine</Filter>
    </ClCompile>
    <ClCompile Include="src\Math3D.cpp">
      <Filter>File di origine</Filter>
    </ClCompile>
    <ClCompile Include="src\Math3D_SSE2.cpp">
      <Filter>File di origine</Filter>
    </ClCompile>
    <ClCompile Include="src\Memory.cpp">
      <Filter>File di origine</Filter>
    </ClCompile>
    <ClCompile Include="src\State.cpp">
      <Filter>File di origine</Filter>
    </ClCompile>
    <ClCompile Include="src\Scene.cpp">
      <Filter>File di origine</Filter>
    </ClCompile>
    <ClCompile Include="src\Image\Image.cpp">
      <Filter>File di origine\Image</Filter>
    </ClCompile>
    <ClCompile Include="src\thread\MutexWin32.cpp">
      <Filter>File di origine\thread</Filter>
    </ClCompile>
    <ClCompile Include="src\thread\ThreadWin32.cpp">
      <Filter>File di origine\thread</Filter>
    </ClCompile>
    <ClCompile Include="src\Audio.cpp">
      <Filter>File di origine</Filter>
    </ClCompile>
    <ClCompile Include="src\audio\AudioAL.cpp">
      <Filter>File di origine\audio</Filter>
    </ClCompile>
    <ClCompile Include="src\audio\BaseSoundAL.cpp">
      <Filter>File di origine\audio</Filter>
    </ClCompile>
    <ClCompile Include="src\audio\StaticSoundAL.cpp">
      <Filter>File di origine\audio</Filter>
    </ClCompile>
    <ClCompile Include="src\audio\StreamSoundAL.cpp">
      <Filter>File di origine\audio</Filter>
    </ClCompile>
    <ClCompile Include="src\audio\StreamThreadAL.cpp">
      <Filter>File di origine\audio</Filter>
    </ClCompile>
    <ClCompile Include="src\Body.cpp">
      <Filter>File di origine</Filter>
    </ClCompile>
    <ClCompile Include="src\World.cpp">
      <Filter>File di origine</Filter>
    </ClCompile>
    <ClCompile Include="src\gui\GuiManager.cpp">
      <Filter>File di origine\gui</Filter>
    </ClCompile>
    <ClCompile Include="src\gui\Panel.cpp">
      <Filter>File di origine\gui</Filter>
    </ClCompile>
    <ClCompile Include="src\gui\Button.cpp">
      <Filter>File di origine\gui</Filter>
    </ClCompile>
    <ClCompile Include="src\gui\Label.cpp">
      <Filter>File di origine\gui</Filter>
    </ClCompile>
    <ClCompile Include="src\Sound.cpp">
      <Filter>File di origine</Filter>
    </ClCompile>
    <ClCompile Include="src\Component.cpp">
      <Filter>File di origine</Filter>
    </ClCompile>
    <ClCompile Include="src\EStack.cpp">
      <Filter>File di origine</Filter>
    </ClCompile>
    <ClCompile Include="src\WavLoader.cpp">
      <Filter>File di origine</Filter>
    </ClCompile>
  </ItemGroup>
  <ItemGroup>
    <ClInclude Include="include\Config.h">
      <Filter>File di intestazione</Filter>
    </ClInclude>
    <ClInclude Include="include\Object.h">
      <Filter>File di intestazione</Filter>
    </ClInclude>
    <ClInclude Include="include\Table.h">
      <Filter>File di intestazione</Filter>
    </ClInclude>
    <ClInclude Include="include\EString.h">
      <Filter>File di intestazione</Filter>
    </ClInclude>
    <ClInclude Include="include\Resource.h">
      <Filter>File di intestazione</Filter>
    </ClInclude>
    <ClInclude Include="include\Application.h">
      <Filter>File di intestazione</Filter>
    </ClInclude>
    <ClInclude Include="include\Game.h">
      <Filter>File di intestazione</Filter>
    </ClInclude>
    <ClInclude Include="include\Debug.h">
      <Filter>File di intestazione</Filter>
    </ClInclude>
    <ClInclude Include="include\Screen.h">
      <Filter>File di intestazione</Filter>
    </ClInclude>
    <ClInclude Include="include\window\WindowsApp.h">
      <Filter>File di intestazione\window</Filter>
    </ClInclude>
    <ClInclude Include="include\window\WindowsScreen.h">
      <Filter>File di intestazione\window</Filter>
    </ClInclude>
    <ClInclude Include="include\Input.h">
      <Filter>File di intestazione</Filter>
    </ClInclude>
    <ClInclude Include="include\window\WindowsInput.h">
      <Filter>File di intestazione\window</Filter>
    </ClInclude>
    <ClInclude Include="include\Renderable.h">
      <Filter>File di intestazione</Filter>
    </ClInclude>
    <ClInclude Include="include\RenderState.h">
      <Filter>File di intestazione</Filter>
    </ClInclude>
    <ClInclude Include="stdafx.h" />
    <ClInclude Include="src\Image\Image.h">
      <Filter>File di origine\Image</Filter>
    </ClInclude>
    <ClInclude Include="include\Mesh.h">
      <Filter>File di intestazione</Filter>
    </ClInclude>
    <ClInclude Include="include\Texture.h">
      <Filter>File di intestazione</Filter>
    </ClInclude>
    <ClInclude Include="include\Utility.h">
      <Filter>File di intestazione</Filter>
    </ClInclude>
    <ClInclude Include="include\Types.h">
      <Filter>File di intestazione</Filter>
    </ClInclude>
    <ClInclude Include="include\Camera.h">
      <Filter>File di intestazione</Filter>
    </ClInclude>
    <ClInclude Include="include\Layer.h">
      <Filter>File di intestazione</Filter>
    </ClInclude>
    <ClInclude Include="include\window\gletx_header.h">
      <Filter>File di intestazione\window</Filter>
    </ClInclude>
    <ClInclude Include="include\Render.h">
      <Filter>File di intestazione</Filter>
    </ClInclude>
    <ClInclude Include="include\window\OpenGLWindow.h">
      <Filter>File di intestazione\window</Filter>
    </ClInclude>
    <ClInclude Include="include\Easy2D.h">
      <Filter>File di intestazione</Filter>
    </ClInclude>
    <ClInclude Include="include\ResourcesManager.h">
      <Filter>File di intestazione</Filter>
    </ClInclude>
    <ClInclude Include="src\Image\lodepng.h">
      <Filter>File di origine\Image</Filter>
    </ClInclude>
    <ClInclude Include="include\Timer.h">
      <Filter>File di intestazione</Filter>
    </ClInclude>
    <ClInclude Include="include\ETime.h">
      <Filter>File di intestazione</Filter>
    </ClInclude>
    <ClInclude Include="include\ResourcesGroup.h">
      <Filter>File di intestazione</Filter>
    </ClInclude>
    <ClInclude Include="include\Sprite.h">
      <Filter>File di intestazione</Filter>
    </ClInclude>
    <ClInclude Include="include\FrameSet.h">
      <Filter>File di intestazione</Filter>
    </ClInclude>
    <ClInclude Include="include\Color.h">
      <Filter>File di intestazione</Filter>
    </ClInclude>
    <ClInclude Include="include\AnimatedSprite.h">
      <Filter>File di intestazione</Filter>
    </ClInclude>
    <ClInclude Include="src\window\WGL_ARB_multisample.h">
      <Filter>File di origine\window</Filter>
    </ClInclude>
    <ClInclude Include="include\Blend.h">
      <Filter>File di intestazione</Filter>
    </ClInclude>
    <ClInclude Include="include\Font.h">
      <Filter>File di intestazione</Filter>
    </ClInclude>
    <ClInclude Include="include\BMFontLoader.h">
      <Filter>File di intestazione</Filter>
    </ClInclude>
    <ClInclude Include="include\FreeTypeFontLoader.h">
      <Filter>File di intestazione</Filter>
    </ClInclude>
    <ClInclude Include="include\EStack.h">
      <Filter>File di intestazione</Filter>
    </ClInclude>
    <ClInclude Include="include\InputList.h">
      <Filter>File di intestazione</Filter>
    </ClInclude>
    <ClInclude Include="include\Math3D.h">
      <Filter>File di intestazione</Filter>
    </ClInclude>
    <ClInclude Include="include\Memory.h">
      <Filter>File di intestazione</Filter>
    </ClInclude>
    <ClInclude Include="include\Scene.h">
      <Filter>File di intestazione</Filter>
    </ClInclude>
    <ClInclude Include="include\State.h">
      <Filter>File di intestazione</Filter>
    </ClInclude>
    <ClInclude Include="src\Math3D_SSE2.h">
      <Filter>File di origine</Filter>
    </ClInclude>
    <ClInclude Include="include\MinMaxList.h">
      <Filter>File di intestazione</Filter>
    </ClInclude>
    <ClInclude Include="include\thread\Mutex.h">
      <Filter>File di intestazione\thread</Filter>
    </ClInclude>
    <ClInclude Include="include\thread\MutexConf.h">
      <Filter>File di intestazione\thread</Filter>
    </ClInclude>
    <ClInclude Include="include\thread\Thread.h">
      <Filter>File di intestazione\thread</Filter>
    </ClInclude>
    <ClInclude Include="include\thread\ThreadConf.h">
      <Filter>File di intestazione\thread</Filter>
    </ClInclude>
    <ClInclude Include="include\Audio.h">
      <Filter>File di intestazione</Filter>
    </ClInclude>
    <ClInclude Include="include\audio\AudioAL.h">
      <Filter>File di intestazione\audio</Filter>
    </ClInclude>
    <ClInclude Include="include\audio\BaseSoundAL.h">
      <Filter>File di intestazione\audio</Filter>
    </ClInclude>
    <ClInclude Include="include\audio\StaticSoundAL.h">
      <Filter>File di intestazione\audio</Filter>
    </ClInclude>
    <ClInclude Include="include\audio\StreamSoundAL.h">
      <Filter>File di intestazione\audio</Filter>
    </ClInclude>
    <ClInclude Include="include\audio\StreamThreadAL.h">
      <Filter>File di intestazione\audio</Filter>
    </ClInclude>
    <ClInclude Include="include\Body.h">
      <Filter>File di intestazione</Filter>
    </ClInclude>
    <ClInclude Include="include\World.h">
      <Filter>File di intestazione</Filter>
    </ClInclude>
    <ClInclude Include="include\Box2D.hpp">
      <Filter>File di intestazione</Filter>
    </ClInclude>
    <ClInclude Include="include\gui\Button.h">
      <Filter>File di intestazione\gui</Filter>
    </ClInclude>
    <ClInclude Include="include\gui\Gui.h">
      <Filter>File di intestazione\gui</Filter>
    </ClInclude>
    <ClInclude Include="include\gui\GuiManager.h">
      <Filter>File di intestazione\gui</Filter>
    </ClInclude>
    <ClInclude Include="include\gui\Label.h">
      <Filter>File di intestazione\gui</Filter>
    </ClInclude>
    <ClInclude Include="include\gui\Panel.h">
      <Filter>File di intestazione\gui</Filter>
    </ClInclude>
    <ClInclude Include="include\Component.h">
      <Filter>File di intestazione</Filter>
    </ClInclude>
    <ClInclude Include="include\Sortable.h">
      <Filter>File di intestazione</Filter>
    </ClInclude>
    <ClInclude Include="include\Sound.h">
      <Filter>File di intestazione</Filter>
    </ClInclude>
    <ClInclude Include="include\WavLoader.h">
      <Filter>File di intestazione</Filter>
    </ClInclude>
  </ItemGroup>
  <ItemGroup>
    <None Include="made_class.py">
      <Filter>File di risorse</Filter>
    </None>
    <None Include="made_cpp_h.py">
      <Filter>File di risorse</Filter>
    </None>
    <None Include="excpython.bat">
      <Filter>File di risorse</Filter>
    </None>
  </ItemGroup>
</Project>