
Microsoft Visual Studio Solution File, Format Version 11.00
# Visual Studio 2010
Project("{8BC9CEB8-8B4A-11D0-8D11-00A0C91BC942}") = "Easy2DAndroid", "Easy2DAndroid.vcxproj", "{BF3E58DD-FCD9-42A1-AE49-EB6FC68E87AB}"
EndProject
Global
	GlobalSection(SolutionConfigurationPlatforms) = preSolution
		Debug|Android = Debug|Android
		Profile|Android = Profile|Android
		Release|Android = Release|Android
	EndGlobalSection
	GlobalSection(ProjectConfigurationPlatforms) = postSolution
		{BF3E58DD-FCD9-42A1-AE49-EB6FC68E87AB}.Debug|Android.ActiveCfg = Debug|Android
		{BF3E58DD-FCD9-42A1-AE49-EB6FC68E87AB}.Debug|Android.Build.0 = Debug|Android
		{BF3E58DD-FCD9-42A1-AE49-EB6FC68E87AB}.Profile|Android.ActiveCfg = Profile|Android
		{BF3E58DD-FCD9-42A1-AE49-EB6FC68E87AB}.Profile|Android.Build.0 = Profile|Android
		{BF3E58DD-FCD9-42A1-AE49-EB6FC68E87AB}.Release|Android.ActiveCfg = Release|Android
		{BF3E58DD-FCD9-42A1-AE49-EB6FC68E87AB}.Release|Android.Build.0 = Release|Android
	EndGlobalSection
	GlobalSection(SolutionProperties) = preSolution
		HideSolutionNode = FALSE
	EndGlobalSection
EndGlobal
