<?xml version="1.0" encoding="utf-8"?>
<Project ToolsVersion="4.0" xmlns="http://schemas.microsoft.com/developer/msbuild/2003">
  <ItemGroup>
    <Filter Include="jni">
      <UniqueIdentifier>d7d8b95d-8251-4305-9888-a4f022247b0f</UniqueIdentifier>
    </Filter>
    <Filter Include="res">
      <UniqueIdentifier>18e94dfd-5eb0-4eb5-b189-96f3ea0b28cc</UniqueIdentifier>
    </Filter>
    <Filter Include="res\values">
      <UniqueIdentifier>866933b9-8679-49e9-a63e-b920bbcacdea</UniqueIdentifier>
    </Filter>
    <Filter Include="native_app_glue">
      <UniqueIdentifier>{44935828-81e6-46a6-a0ad-120de925a03b}</UniqueIdentifier>
    </Filter>
    <Filter Include="Easy2D">
      <UniqueIdentifier>{1a5611d6-7e47-48a6-bee8-1f1cf65702fb}</UniqueIdentifier>
    </Filter>
    <Filter Include="exemple">
      <UniqueIdentifier>{bfbef6d7-6af3-4dd2-82de-87946ffb99b5}</UniqueIdentifier>
    </Filter>
    <Filter Include="Easy2D\include">
      <UniqueIdentifier>{f346880e-2093-49e5-8f5b-3b00ac9a6c8e}</UniqueIdentifier>
    </Filter>
    <Filter Include="Easy2D\include\android">
      <UniqueIdentifier>{d5c6f037-9d5b-4abd-a55f-32582a9cfa35}</UniqueIdentifier>
    </Filter>
    <Filter Include="Easy2D\src">
      <UniqueIdentifier>{b00bdb52-cc80-4e46-a1ae-1ee67f8271b0}</UniqueIdentifier>
    </Filter>
    <Filter Include="Easy2D\src\android">
      <UniqueIdentifier>{8704c16f-4b2a-4d15-8284-c4520423268c}</UniqueIdentifier>
    </Filter>
    <Filter Include="Easy2D\src\image">
      <UniqueIdentifier>{d168e775-cad8-493c-aa78-3c2e7ff455ae}</UniqueIdentifier>
    </Filter>
    <Filter Include="Easy2D\src\thread">
      <UniqueIdentifier>{1ceb8d6e-6b9d-4274-b9f3-d5788c0855cd}</UniqueIdentifier>
    </Filter>
  </ItemGroup>
  <ItemGroup>
    <None Include="AndroidManifest.xml" />
    <None Include="build.xml" />
    <None Include="local.properties" />
    <None Include="proguard.cfg" />
    <None Include="project.properties" />
    <None Include="res\values\strings.xml">
      <Filter>res\values</Filter>
    </None>
    <None Include="..\src\Image\Image.inl">
      <Filter>Easy2D\src\image</Filter>
    </None>
    <None Include="..\src\Thread\MutexPOSIX.inl">
      <Filter>Easy2D\src\thread</Filter>
    </None>
    <None Include="..\src\Thread\ThreadPOSIX.inl">
      <Filter>Easy2D\src\thread</Filter>
    </None>
  </ItemGroup>
  <ItemGroup>
    <ClCompile Include="native_app_glue\android_native_app_glue.c">
      <Filter>native_app_glue</Filter>
    </ClCompile>
    <ClCompile Include="..\src\android\OpenGLAndroid.cpp">
      <Filter>Easy2D\src\android</Filter>
    </ClCompile>
    <ClCompile Include="..\src\AnimatedSprite.cpp">
      <Filter>Easy2D\src</Filter>
    </ClCompile>
    <ClCompile Include="..\src\Application.cpp">
      <Filter>Easy2D\src</Filter>
    </ClCompile>
    <ClCompile Include="..\src\Camera.cpp">
      <Filter>Easy2D\src</Filter>
    </ClCompile>
    <ClCompile Include="..\src\Color.cpp">
      <Filter>Easy2D\src</Filter>
    </ClCompile>
    <ClCompile Include="..\src\Config.cpp">
      <Filter>Easy2D\src</Filter>
    </ClCompile>
    <ClCompile Include="..\src\Debug.cpp">
      <Filter>Easy2D\src</Filter>
    </ClCompile>
    <ClCompile Include="..\src\EString.cpp">
      <Filter>Easy2D\src</Filter>
    </ClCompile>
    <ClCompile Include="..\src\ETime.cpp">
      <Filter>Easy2D\src</Filter>
    </ClCompile>
    <ClCompile Include="..\src\FrameSet.cpp">
      <Filter>Easy2D\src</Filter>
    </ClCompile>
    <ClCompile Include="..\src\Game.cpp">
      <Filter>Easy2D\src</Filter>
    </ClCompile>
    <ClCompile Include="..\src\Input.cpp">
      <Filter>Easy2D\src</Filter>
    </ClCompile>
    <ClCompile Include="..\src\Layer.cpp">
      <Filter>Easy2D\src</Filter>
    </ClCompile>
    <ClCompile Include="..\src\Math2D.cpp">
      <Filter>Easy2D\src</Filter>
    </ClCompile>
    <ClCompile Include="..\src\Mesh.cpp">
      <Filter>Easy2D\src</Filter>
    </ClCompile>
    <ClCompile Include="..\src\Object.cpp">
      <Filter>Easy2D\src</Filter>
    </ClCompile>
    <ClCompile Include="..\src\Render.cpp">
      <Filter>Easy2D\src</Filter>
    </ClCompile>
    <ClCompile Include="..\src\Renderable.cpp">
      <Filter>Easy2D\src</Filter>
    </ClCompile>
    <ClCompile Include="..\src\RenderState.cpp">
      <Filter>Easy2D\src</Filter>
    </ClCompile>
    <ClCompile Include="..\src\Resource.cpp">
      <Filter>Easy2D\src</Filter>
    </ClCompile>
    <ClCompile Include="..\src\ResourcesGroup.cpp">
      <Filter>Easy2D\src</Filter>
    </ClCompile>
    <ClCompile Include="..\src\ResourcesManager.cpp">
      <Filter>Easy2D\src</Filter>
    </ClCompile>
    <ClCompile Include="..\src\Screen.cpp">
      <Filter>Easy2D\src</Filter>
    </ClCompile>
    <ClCompile Include="..\src\Sprite.cpp">
      <Filter>Easy2D\src</Filter>
    </ClCompile>
    <ClCompile Include="..\src\Table.cpp">
      <Filter>Easy2D\src</Filter>
    </ClCompile>
    <ClCompile Include="..\src\Texture.cpp">
      <Filter>Easy2D\src</Filter>
    </ClCompile>
    <ClCompile Include="..\src\Timer.cpp">
      <Filter>Easy2D\src</Filter>
    </ClCompile>
    <ClCompile Include="..\src\Utility.cpp">
      <Filter>Easy2D\src</Filter>
    </ClCompile>
    <ClCompile Include="..\src\Image\lodepng.cpp">
      <Filter>Easy2D\src\image</Filter>
    </ClCompile>
    <ClCompile Include="..\src\android\AndroidApp.cpp">
      <Filter>Easy2D\src\android</Filter>
    </ClCompile>
    <ClCompile Include="..\src\android\AndroidInput.cpp">
      <Filter>Easy2D\src\android</Filter>
    </ClCompile>
    <ClCompile Include="..\src\android\AndroidScreen.cpp">
      <Filter>Easy2D\src\android</Filter>
    </ClCompile>
    <ClCompile Include="..\src\android\AndroidMain.c">
      <Filter>Easy2D\src\android</Filter>
    </ClCompile>
    <ClCompile Include="..\Main.cpp">
      <Filter>exemple</Filter>
    </ClCompile>
    <ClCompile Include="..\src\android\AndroidCout.cpp">
      <Filter>Easy2D\src\android</Filter>
    </ClCompile>
  </ItemGroup>
  <ItemGroup>
    <ClInclude Include="native_app_glue\android_native_app_glue.h">
      <Filter>native_app_glue</Filter>
    </ClInclude>
    <ClInclude Include="..\stdafx.h">
      <Filter>Easy2D</Filter>
    </ClInclude>
    <ClInclude Include="..\include\android\OpenGLAndroid.h">
      <Filter>Easy2D\include\android</Filter>
    </ClInclude>
    <ClInclude Include="..\include\AnimatedSprite.h">
      <Filter>Easy2D\include</Filter>
    </ClInclude>
    <ClInclude Include="..\include\Application.h">
      <Filter>Easy2D\include</Filter>
    </ClInclude>
    <ClInclude Include="..\include\Camera.h">
      <Filter>Easy2D\include</Filter>
    </ClInclude>
    <ClInclude Include="..\include\Color.h">
      <Filter>Easy2D\include</Filter>
    </ClInclude>
    <ClInclude Include="..\include\Config.h">
      <Filter>Easy2D\include</Filter>
    </ClInclude>
    <ClInclude Include="..\include\Debug.h">
      <Filter>Easy2D\include</Filter>
    </ClInclude>
    <ClInclude Include="..\include\Easy2D.h">
      <Filter>Easy2D\include</Filter>
    </ClInclude>
    <ClInclude Include="..\include\EString.h">
      <Filter>Easy2D\include</Filter>
    </ClInclude>
    <ClInclude Include="..\include\ETime.h">
      <Filter>Easy2D\include</Filter>
    </ClInclude>
    <ClInclude Include="..\include\FrameSet.h">
      <Filter>Easy2D\include</Filter>
    </ClInclude>
    <ClInclude Include="..\include\Game.h">
      <Filter>Easy2D\include</Filter>
    </ClInclude>
    <ClInclude Include="..\include\Input.h">
      <Filter>Easy2D\include</Filter>
    </ClInclude>
    <ClInclude Include="..\include\Layer.h">
      <Filter>Easy2D\include</Filter>
    </ClInclude>
    <ClInclude Include="..\include\Math2D.h">
      <Filter>Easy2D\include</Filter>
    </ClInclude>
    <ClInclude Include="..\include\Mesh.h">
      <Filter>Easy2D\include</Filter>
    </ClInclude>
    <ClInclude Include="..\include\Object.h">
      <Filter>Easy2D\include</Filter>
    </ClInclude>
    <ClInclude Include="..\include\Render.h">
      <Filter>Easy2D\include</Filter>
    </ClInclude>
    <ClInclude Include="..\include\Renderable.h">
      <Filter>Easy2D\include</Filter>
    </ClInclude>
    <ClInclude Include="..\include\RenderState.h">
      <Filter>Easy2D\include</Filter>
    </ClInclude>
    <ClInclude Include="..\include\Resource.h">
      <Filter>Easy2D\include</Filter>
    </ClInclude>
    <ClInclude Include="..\include\ResourcesGroup.h">
      <Filter>Easy2D\include</Filter>
    </ClInclude>
    <ClInclude Include="..\include\ResourcesManager.h">
      <Filter>Easy2D\include</Filter>
    </ClInclude>
    <ClInclude Include="..\include\Screen.h">
      <Filter>Easy2D\include</Filter>
    </ClInclude>
    <ClInclude Include="..\include\Sprite.h">
      <Filter>Easy2D\include</Filter>
    </ClInclude>
    <ClInclude Include="..\include\Table.h">
      <Filter>Easy2D\include</Filter>
    </ClInclude>
    <ClInclude Include="..\include\Texture.h">
      <Filter>Easy2D\include</Filter>
    </ClInclude>
    <ClInclude Include="..\include\Timer.h">
      <Filter>Easy2D\include</Filter>
    </ClInclude>
    <ClInclude Include="..\include\Types.h">
      <Filter>Easy2D\include</Filter>
    </ClInclude>
    <ClInclude Include="..\include\Utility.h">
      <Filter>Easy2D\include</Filter>
    </ClInclude>
    <ClInclude Include="..\src\Image\Image.h">
      <Filter>Easy2D\src\image</Filter>
    </ClInclude>
    <ClInclude Include="..\src\Image\lodepng.h">
      <Filter>Easy2D\src\image</Filter>
    </ClInclude>
    <ClInclude Include="..\src\Thread\Mutex.h">
      <Filter>Easy2D\src\thread</Filter>
    </ClInclude>
    <ClInclude Include="..\src\Thread\MutexConf.h">
      <Filter>Easy2D\src\thread</Filter>
    </ClInclude>
    <ClInclude Include="..\src\Thread\Thread.h">
      <Filter>Easy2D\src\thread</Filter>
    </ClInclude>
    <ClInclude Include="..\src\Thread\ThreadConf.h">
      <Filter>Easy2D\src\thread</Filter>
    </ClInclude>
    <ClInclude Include="..\include\android\AndroidApp.h">
      <Filter>Easy2D\include\android</Filter>
    </ClInclude>
    <ClInclude Include="..\include\android\AndroidInput.h">
      <Filter>Easy2D\include\android</Filter>
    </ClInclude>
    <ClInclude Include="..\include\android\AndroidScreen.h">
      <Filter>Easy2D\include\android</Filter>
    </ClInclude>
    <ClInclude Include="..\include\android\AndroidMain.h">
      <Filter>Easy2D\include\android</Filter>
    </ClInclude>
  </ItemGroup>
</Project>